
Microsoft Visual Studio Solution File, Format Version 12.00
# Visual Studio Version 17
VisualStudioVersion = 17.5.002.0
MinimumVisualStudioVersion = 10.0.40219.1
Project("{9A19103F-16F7-4668-BE54-9A1E7A4F7556}") = "Flex.Cli", "src\Flex.Cli\Flex.Cli.csproj", "{6A504A31-C8A1-4A20-A283-07325BE9EF98}"
EndProject
Project("{2150E333-8FDC-42A3-9474-1A3956D46DE8}") = "Solution Items", "Solution Items", "{2B933009-014D-4E30-A50E-41218A18D3BF}"
	ProjectSection(SolutionItems) = preProject
		.editorconfig = .editorconfig
		Dependencies.props = Dependencies.props
		Directory.Packages.props = Directory.Packages.props
		flex.sln.DotSettings = flex.sln.DotSettings
		global.json = global.json
	EndProjectSection
EndProject
Global
	GlobalSection(SolutionConfigurationPlatforms) = preSolution
		Debug|Any CPU = Debug|Any CPU
		Release|Any CPU = Release|Any CPU
	EndGlobalSection
	GlobalSection(ProjectConfigurationPlatforms) = postSolution
		{6A504A31-C8A1-4A20-A283-07325BE9EF98}.Debug|Any CPU.ActiveCfg = Debug|Any CPU
		{6A504A31-C8A1-4A20-A283-07325BE9EF98}.Debug|Any CPU.Build.0 = Debug|Any CPU
		{6A504A31-C8A1-4A20-A283-07325BE9EF98}.Release|Any CPU.ActiveCfg = Release|Any CPU
		{6A504A31-C8A1-4A20-A283-07325BE9EF98}.Release|Any CPU.Build.0 = Release|Any CPU
	EndGlobalSection
	GlobalSection(SolutionProperties) = preSolution
		HideSolutionNode = FALSE
	EndGlobalSection
	GlobalSection(ExtensibilityGlobals) = postSolution
		SolutionGuid = {21E05981-586E-4330-B3DE-8D34A7B13874}
	EndGlobalSection
EndGlobal
