
Microsoft Visual Studio Solution File, Format Version 12.00
# Visual Studio Version 17
VisualStudioVersion = 17.1.31911.260
MinimumVisualStudioVersion = 10.0.40219.1
Project("{2150E333-8FDC-42A3-9474-1A3956D46DE8}") = "Common", "Common", "{D02CF39E-B281-4FD7-AEEC-578DE898070B}"
EndProject
Project("{9A19103F-16F7-4668-BE54-9A1E7A4F7556}") = "Common", "Common\Common.csproj", "{E8BB686C-AF74-4FB0-BF9A-82C6C3B6BE16}"
EndProject
Project("{2150E333-8FDC-42A3-9474-1A3956D46DE8}") = "DataEntry", "DataEntry", "{992A17C1-7248-493F-8FCD-1E7E422B905B}"
EndProject
Project("{2150E333-8FDC-42A3-9474-1A3956D46DE8}") = "AlarmProcessing", "AlarmProcessing", "{5BB986F2-1BE7-4D80-99AF-DD1462153B31}"
EndProject
Project("{9A19103F-16F7-4668-BE54-9A1E7A4F7556}") = "AlarmsProcessing", "Alarms\AlarmsProcessing.csproj", "{A8DE3E94-F9C9-482C-8447-114DB4DA690D}"
EndProject
Project("{2150E333-8FDC-42A3-9474-1A3956D46DE8}") = "RealtimeMessage", "RealtimeMessage", "{42335A9C-0471-4289-961F-C58B74C0F312}"
EndProject
Project("{9A19103F-16F7-4668-BE54-9A1E7A4F7556}") = "MQTTMessages", "MQTTMessages\MQTTMessages.csproj", "{7A481A71-4173-4BB4-A72E-23CF46BB214A}"
EndProject
Project("{2150E333-8FDC-42A3-9474-1A3956D46DE8}") = "Hardware", "Hardware", "{6966F4CA-93F0-4ABE-8CDD-6D0177A7EEBD}"
EndProject
Project("{9A19103F-16F7-4668-BE54-9A1E7A4F7556}") = "Hardware", "Hardware\Hardware.csproj", "{60E3EF51-B0A2-4255-9082-3214CC143950}"
EndProject
Project("{FAE04EC0-301F-11D3-BF4B-00C04F79EFBC}") = "DataEntry", "DataEntry\DataEntry.csproj", "{099B4C83-AA1E-4A86-943A-41F3790AD272}"
EndProject
Global
	GlobalSection(SolutionConfigurationPlatforms) = preSolution
		Debug|Any CPU = Debug|Any CPU
		Release|Any CPU = Release|Any CPU
	EndGlobalSection
	GlobalSection(ProjectConfigurationPlatforms) = postSolution
		{E8BB686C-AF74-4FB0-BF9A-82C6C3B6BE16}.Debug|Any CPU.ActiveCfg = Debug|Any CPU
		{E8BB686C-AF74-4FB0-BF9A-82C6C3B6BE16}.Debug|Any CPU.Build.0 = Debug|Any CPU
		{E8BB686C-AF74-4FB0-BF9A-82C6C3B6BE16}.Release|Any CPU.ActiveCfg = Release|Any CPU
		{E8BB686C-AF74-4FB0-BF9A-82C6C3B6BE16}.Release|Any CPU.Build.0 = Release|Any CPU
		{A8DE3E94-F9C9-482C-8447-114DB4DA690D}.Debug|Any CPU.ActiveCfg = Debug|Any CPU
		{A8DE3E94-F9C9-482C-8447-114DB4DA690D}.Debug|Any CPU.Build.0 = Debug|Any CPU
		{A8DE3E94-F9C9-482C-8447-114DB4DA690D}.Release|Any CPU.ActiveCfg = Release|Any CPU
		{A8DE3E94-F9C9-482C-8447-114DB4DA690D}.Release|Any CPU.Build.0 = Release|Any CPU
		{7A481A71-4173-4BB4-A72E-23CF46BB214A}.Debug|Any CPU.ActiveCfg = Debug|Any CPU
		{7A481A71-4173-4BB4-A72E-23CF46BB214A}.Debug|Any CPU.Build.0 = Debug|Any CPU
		{7A481A71-4173-4BB4-A72E-23CF46BB214A}.Release|Any CPU.ActiveCfg = Release|Any CPU
		{7A481A71-4173-4BB4-A72E-23CF46BB214A}.Release|Any CPU.Build.0 = Release|Any CPU
		{60E3EF51-B0A2-4255-9082-3214CC143950}.Debug|Any CPU.ActiveCfg = Debug|Any CPU
		{60E3EF51-B0A2-4255-9082-3214CC143950}.Debug|Any CPU.Build.0 = Debug|Any CPU
		{60E3EF51-B0A2-4255-9082-3214CC143950}.Release|Any CPU.ActiveCfg = Release|Any CPU
		{60E3EF51-B0A2-4255-9082-3214CC143950}.Release|Any CPU.Build.0 = Release|Any CPU
		{099B4C83-AA1E-4A86-943A-41F3790AD272}.Debug|Any CPU.ActiveCfg = Debug|Any CPU
		{099B4C83-AA1E-4A86-943A-41F3790AD272}.Debug|Any CPU.Build.0 = Debug|Any CPU
		{099B4C83-AA1E-4A86-943A-41F3790AD272}.Release|Any CPU.ActiveCfg = Release|Any CPU
		{099B4C83-AA1E-4A86-943A-41F3790AD272}.Release|Any CPU.Build.0 = Release|Any CPU
	EndGlobalSection
	GlobalSection(SolutionProperties) = preSolution
		HideSolutionNode = FALSE
	EndGlobalSection
	GlobalSection(NestedProjects) = preSolution
		{E8BB686C-AF74-4FB0-BF9A-82C6C3B6BE16} = {D02CF39E-B281-4FD7-AEEC-578DE898070B}
		{A8DE3E94-F9C9-482C-8447-114DB4DA690D} = {5BB986F2-1BE7-4D80-99AF-DD1462153B31}
		{7A481A71-4173-4BB4-A72E-23CF46BB214A} = {42335A9C-0471-4289-961F-C58B74C0F312}
		{60E3EF51-B0A2-4255-9082-3214CC143950} = {6966F4CA-93F0-4ABE-8CDD-6D0177A7EEBD}
		{099B4C83-AA1E-4A86-943A-41F3790AD272} = {992A17C1-7248-493F-8FCD-1E7E422B905B}
	EndGlobalSection
	GlobalSection(ExtensibilityGlobals) = postSolution
		SolutionGuid = {D3C9D743-F28F-40F5-A3E2-C226E09DAB69}
	EndGlobalSection
EndGlobal
